
Microsoft Visual Studio Solution File, Format Version 12.00
# Visual Studio 2013
VisualStudioVersion = 12.0.30501.0
MinimumVisualStudioVersion = 10.0.40219.1
Project("{FAE04EC0-301F-11D3-BF4B-00C04F79EFBC}") = "Cecil.Samples", "Cecil.Samples\Cecil.Samples.csproj", "{41C02560-26B4-435A-9C75-CD585F8A86C4}"
EndProject
Project("{2150E333-8FDC-42A3-9474-1A3956D46DE8}") = "Samples", "Samples", "{7F9A3E99-0787-4E1D-BA55-8AF8B3763BAE}"
EndProject
Project("{FAE04EC0-301F-11D3-BF4B-00C04F79EFBC}") = "Mono.Cecil", "..\cecil\Mono.Cecil.csproj", "{D68133BD-1E63-496E-9EDE-4FBDBF77B486}"
EndProject
Project("{FAE04EC0-301F-11D3-BF4B-00C04F79EFBC}") = "Mono.Cecil.Rocks", "..\cecil\rocks\Mono.Cecil.Rocks.csproj", "{FBC6DD59-D09D-499C-B03C-99C1C78FF2AC}"
EndProject
Project("{FAE04EC0-301F-11D3-BF4B-00C04F79EFBC}") = "Mono.Cecil.Mdb", "..\cecil\symbols\mdb\Mono.Cecil.Mdb.csproj", "{8559DD7F-A16F-46D0-A05A-9139FAEBA8FD}"
EndProject
Project("{FAE04EC0-301F-11D3-BF4B-00C04F79EFBC}") = "Mono.Cecil.Pdb", "..\cecil\symbols\pdb\Mono.Cecil.Pdb.csproj", "{63E6915C-7EA4-4D76-AB28-0D7191EEA626}"
EndProject
Project("{2150E333-8FDC-42A3-9474-1A3956D46DE8}") = "Cecil", "Cecil", "{5F431975-6FD2-4B10-9109-5F3AFA5C332D}"
EndProject
Project("{2150E333-8FDC-42A3-9474-1A3956D46DE8}") = "AddAttributeToMethod", "AddAttributeToMethod", "{2FDC4E9D-A8AD-471D-B278-BEEE5665187C}"
EndProject
Project("{2150E333-8FDC-42A3-9474-1A3956D46DE8}") = "ReplaceMethodCall", "ReplaceMethodCall", "{D5DD216D-9745-49E6-BFBB-2AAA15A964A9}"
EndProject
Project("{FAE04EC0-301F-11D3-BF4B-00C04F79EFBC}") = "AddAttributeToMethod.Sample", "Samples\AddAttributeToMethod\AddAttributeToMethod.Sample\AddAttributeToMethod.Sample.csproj", "{82230992-F90F-4FD8-9DF0-92A3196FF467}"
EndProject
Project("{FAE04EC0-301F-11D3-BF4B-00C04F79EFBC}") = "AddAttributeToMethod.Target", "Samples\AddAttributeToMethod\AddAttributeToMethod.Target\AddAttributeToMethod.Target.csproj", "{EBBDD33C-CDBA-4585-9461-BCE4561FDAC4}"
EndProject
Project("{FAE04EC0-301F-11D3-BF4B-00C04F79EFBC}") = "ReplaceMethodCall.Sample", "Samples\ReplaceMethodCall\ReplaceMethodCall.Sample\ReplaceMethodCall.Sample.csproj", "{7C943D35-1F7C-4274-BC80-69605EE78C3D}"
EndProject
Project("{FAE04EC0-301F-11D3-BF4B-00C04F79EFBC}") = "ReplaceMethodCall.Target", "Samples\ReplaceMethodCall\ReplaceMethodCall.Target\ReplaceMethodCall.Target.csproj", "{E607F595-1AC0-4B1F-9425-0104BE8AF0D3}"
EndProject
Project("{FAE04EC0-301F-11D3-BF4B-00C04F79EFBC}") = "Cecil.Samples.Framework", "Cecil.Samples.Framework\Cecil.Samples.Framework.csproj", "{5BCF9A30-34A1-4309-BCBC-50C8534D5E84}"
EndProject
Global
	GlobalSection(SolutionConfigurationPlatforms) = preSolution
		Debug|Any CPU = Debug|Any CPU
		net_2_0_Debug|Any CPU = net_2_0_Debug|Any CPU
		net_2_0_Release|Any CPU = net_2_0_Release|Any CPU
		net_3_5_Debug|Any CPU = net_3_5_Debug|Any CPU
		net_3_5_Release|Any CPU = net_3_5_Release|Any CPU
		net_4_0_Debug|Any CPU = net_4_0_Debug|Any CPU
		net_4_0_Release|Any CPU = net_4_0_Release|Any CPU
		net_4_5_Debug|Any CPU = net_4_5_Debug|Any CPU
		net_4_5_Release|Any CPU = net_4_5_Release|Any CPU
		Release|Any CPU = Release|Any CPU
		silverlight_Debug|Any CPU = silverlight_Debug|Any CPU
		silverlight_Release|Any CPU = silverlight_Release|Any CPU
		winphone_Debug|Any CPU = winphone_Debug|Any CPU
		winphone_Release|Any CPU = winphone_Release|Any CPU
	EndGlobalSection
	GlobalSection(ProjectConfigurationPlatforms) = postSolution
		{41C02560-26B4-435A-9C75-CD585F8A86C4}.Debug|Any CPU.ActiveCfg = Debug|Any CPU
		{41C02560-26B4-435A-9C75-CD585F8A86C4}.Debug|Any CPU.Build.0 = Debug|Any CPU
		{41C02560-26B4-435A-9C75-CD585F8A86C4}.net_2_0_Debug|Any CPU.ActiveCfg = Debug|Any CPU
		{41C02560-26B4-435A-9C75-CD585F8A86C4}.net_2_0_Debug|Any CPU.Build.0 = Debug|Any CPU
		{41C02560-26B4-435A-9C75-CD585F8A86C4}.net_2_0_Release|Any CPU.ActiveCfg = Release|Any CPU
		{41C02560-26B4-435A-9C75-CD585F8A86C4}.net_2_0_Release|Any CPU.Build.0 = Release|Any CPU
		{41C02560-26B4-435A-9C75-CD585F8A86C4}.net_3_5_Debug|Any CPU.ActiveCfg = Debug|Any CPU
		{41C02560-26B4-435A-9C75-CD585F8A86C4}.net_3_5_Debug|Any CPU.Build.0 = Debug|Any CPU
		{41C02560-26B4-435A-9C75-CD585F8A86C4}.net_3_5_Release|Any CPU.ActiveCfg = Release|Any CPU
		{41C02560-26B4-435A-9C75-CD585F8A86C4}.net_3_5_Release|Any CPU.Build.0 = Release|Any CPU
		{41C02560-26B4-435A-9C75-CD585F8A86C4}.net_4_0_Debug|Any CPU.ActiveCfg = Debug|Any CPU
		{41C02560-26B4-435A-9C75-CD585F8A86C4}.net_4_0_Debug|Any CPU.Build.0 = Debug|Any CPU
		{41C02560-26B4-435A-9C75-CD585F8A86C4}.net_4_0_Release|Any CPU.ActiveCfg = Release|Any CPU
		{41C02560-26B4-435A-9C75-CD585F8A86C4}.net_4_0_Release|Any CPU.Build.0 = Release|Any CPU
		{41C02560-26B4-435A-9C75-CD585F8A86C4}.net_4_5_Debug|Any CPU.ActiveCfg = Debug|Any CPU
		{41C02560-26B4-435A-9C75-CD585F8A86C4}.net_4_5_Debug|Any CPU.Build.0 = Debug|Any CPU
		{41C02560-26B4-435A-9C75-CD585F8A86C4}.net_4_5_Release|Any CPU.ActiveCfg = Release|Any CPU
		{41C02560-26B4-435A-9C75-CD585F8A86C4}.net_4_5_Release|Any CPU.Build.0 = Release|Any CPU
		{41C02560-26B4-435A-9C75-CD585F8A86C4}.Release|Any CPU.ActiveCfg = Release|Any CPU
		{41C02560-26B4-435A-9C75-CD585F8A86C4}.Release|Any CPU.Build.0 = Release|Any CPU
		{41C02560-26B4-435A-9C75-CD585F8A86C4}.silverlight_Debug|Any CPU.ActiveCfg = Debug|Any CPU
		{41C02560-26B4-435A-9C75-CD585F8A86C4}.silverlight_Debug|Any CPU.Build.0 = Debug|Any CPU
		{41C02560-26B4-435A-9C75-CD585F8A86C4}.silverlight_Release|Any CPU.ActiveCfg = Release|Any CPU
		{41C02560-26B4-435A-9C75-CD585F8A86C4}.silverlight_Release|Any CPU.Build.0 = Release|Any CPU
		{41C02560-26B4-435A-9C75-CD585F8A86C4}.winphone_Debug|Any CPU.ActiveCfg = Debug|Any CPU
		{41C02560-26B4-435A-9C75-CD585F8A86C4}.winphone_Debug|Any CPU.Build.0 = Debug|Any CPU
		{41C02560-26B4-435A-9C75-CD585F8A86C4}.winphone_Release|Any CPU.ActiveCfg = Release|Any CPU
		{41C02560-26B4-435A-9C75-CD585F8A86C4}.winphone_Release|Any CPU.Build.0 = Release|Any CPU
		{D68133BD-1E63-496E-9EDE-4FBDBF77B486}.Debug|Any CPU.ActiveCfg = net_4_5_Debug|Any CPU
		{D68133BD-1E63-496E-9EDE-4FBDBF77B486}.Debug|Any CPU.Build.0 = net_4_5_Debug|Any CPU
		{D68133BD-1E63-496E-9EDE-4FBDBF77B486}.net_2_0_Debug|Any CPU.ActiveCfg = net_2_0_Debug|Any CPU
		{D68133BD-1E63-496E-9EDE-4FBDBF77B486}.net_2_0_Debug|Any CPU.Build.0 = net_2_0_Debug|Any CPU
		{D68133BD-1E63-496E-9EDE-4FBDBF77B486}.net_2_0_Release|Any CPU.ActiveCfg = net_2_0_Release|Any CPU
		{D68133BD-1E63-496E-9EDE-4FBDBF77B486}.net_2_0_Release|Any CPU.Build.0 = net_2_0_Release|Any CPU
		{D68133BD-1E63-496E-9EDE-4FBDBF77B486}.net_3_5_Debug|Any CPU.ActiveCfg = net_3_5_Debug|Any CPU
		{D68133BD-1E63-496E-9EDE-4FBDBF77B486}.net_3_5_Debug|Any CPU.Build.0 = net_3_5_Debug|Any CPU
		{D68133BD-1E63-496E-9EDE-4FBDBF77B486}.net_3_5_Release|Any CPU.ActiveCfg = net_3_5_Release|Any CPU
		{D68133BD-1E63-496E-9EDE-4FBDBF77B486}.net_3_5_Release|Any CPU.Build.0 = net_3_5_Release|Any CPU
		{D68133BD-1E63-496E-9EDE-4FBDBF77B486}.net_4_0_Debug|Any CPU.ActiveCfg = net_4_0_Debug|Any CPU
		{D68133BD-1E63-496E-9EDE-4FBDBF77B486}.net_4_0_Debug|Any CPU.Build.0 = net_4_0_Debug|Any CPU
		{D68133BD-1E63-496E-9EDE-4FBDBF77B486}.net_4_0_Release|Any CPU.ActiveCfg = net_4_0_Release|Any CPU
		{D68133BD-1E63-496E-9EDE-4FBDBF77B486}.net_4_0_Release|Any CPU.Build.0 = net_4_0_Release|Any CPU
		{D68133BD-1E63-496E-9EDE-4FBDBF77B486}.net_4_5_Debug|Any CPU.ActiveCfg = net_4_5_Debug|Any CPU
		{D68133BD-1E63-496E-9EDE-4FBDBF77B486}.net_4_5_Debug|Any CPU.Build.0 = net_4_5_Debug|Any CPU
		{D68133BD-1E63-496E-9EDE-4FBDBF77B486}.net_4_5_Release|Any CPU.ActiveCfg = net_4_5_Release|Any CPU
		{D68133BD-1E63-496E-9EDE-4FBDBF77B486}.net_4_5_Release|Any CPU.Build.0 = net_4_5_Release|Any CPU
		{D68133BD-1E63-496E-9EDE-4FBDBF77B486}.Release|Any CPU.ActiveCfg = winphone_Release|Any CPU
		{D68133BD-1E63-496E-9EDE-4FBDBF77B486}.Release|Any CPU.Build.0 = winphone_Release|Any CPU
		{D68133BD-1E63-496E-9EDE-4FBDBF77B486}.silverlight_Debug|Any CPU.ActiveCfg = silverlight_Debug|Any CPU
		{D68133BD-1E63-496E-9EDE-4FBDBF77B486}.silverlight_Debug|Any CPU.Build.0 = silverlight_Debug|Any CPU
		{D68133BD-1E63-496E-9EDE-4FBDBF77B486}.silverlight_Release|Any CPU.ActiveCfg = silverlight_Release|Any CPU
		{D68133BD-1E63-496E-9EDE-4FBDBF77B486}.silverlight_Release|Any CPU.Build.0 = silverlight_Release|Any CPU
		{D68133BD-1E63-496E-9EDE-4FBDBF77B486}.winphone_Debug|Any CPU.ActiveCfg = winphone_Debug|Any CPU
		{D68133BD-1E63-496E-9EDE-4FBDBF77B486}.winphone_Debug|Any CPU.Build.0 = winphone_Debug|Any CPU
		{D68133BD-1E63-496E-9EDE-4FBDBF77B486}.winphone_Release|Any CPU.ActiveCfg = winphone_Release|Any CPU
		{D68133BD-1E63-496E-9EDE-4FBDBF77B486}.winphone_Release|Any CPU.Build.0 = winphone_Release|Any CPU
		{FBC6DD59-D09D-499C-B03C-99C1C78FF2AC}.Debug|Any CPU.ActiveCfg = net_4_5_Debug|Any CPU
		{FBC6DD59-D09D-499C-B03C-99C1C78FF2AC}.Debug|Any CPU.Build.0 = net_4_5_Debug|Any CPU
		{FBC6DD59-D09D-499C-B03C-99C1C78FF2AC}.net_2_0_Debug|Any CPU.ActiveCfg = net_2_0_Debug|Any CPU
		{FBC6DD59-D09D-499C-B03C-99C1C78FF2AC}.net_2_0_Debug|Any CPU.Build.0 = net_2_0_Debug|Any CPU
		{FBC6DD59-D09D-499C-B03C-99C1C78FF2AC}.net_2_0_Release|Any CPU.ActiveCfg = net_2_0_Release|Any CPU
		{FBC6DD59-D09D-499C-B03C-99C1C78FF2AC}.net_2_0_Release|Any CPU.Build.0 = net_2_0_Release|Any CPU
		{FBC6DD59-D09D-499C-B03C-99C1C78FF2AC}.net_3_5_Debug|Any CPU.ActiveCfg = net_3_5_Debug|Any CPU
		{FBC6DD59-D09D-499C-B03C-99C1C78FF2AC}.net_3_5_Debug|Any CPU.Build.0 = net_3_5_Debug|Any CPU
		{FBC6DD59-D09D-499C-B03C-99C1C78FF2AC}.net_3_5_Release|Any CPU.ActiveCfg = net_3_5_Release|Any CPU
		{FBC6DD59-D09D-499C-B03C-99C1C78FF2AC}.net_3_5_Release|Any CPU.Build.0 = net_3_5_Release|Any CPU
		{FBC6DD59-D09D-499C-B03C-99C1C78FF2AC}.net_4_0_Debug|Any CPU.ActiveCfg = net_4_0_Debug|Any CPU
		{FBC6DD59-D09D-499C-B03C-99C1C78FF2AC}.net_4_0_Debug|Any CPU.Build.0 = net_4_0_Debug|Any CPU
		{FBC6DD59-D09D-499C-B03C-99C1C78FF2AC}.net_4_0_Release|Any CPU.ActiveCfg = net_4_0_Release|Any CPU
		{FBC6DD59-D09D-499C-B03C-99C1C78FF2AC}.net_4_0_Release|Any CPU.Build.0 = net_4_0_Release|Any CPU
		{FBC6DD59-D09D-499C-B03C-99C1C78FF2AC}.net_4_5_Debug|Any CPU.ActiveCfg = net_4_5_Debug|Any CPU
		{FBC6DD59-D09D-499C-B03C-99C1C78FF2AC}.net_4_5_Debug|Any CPU.Build.0 = net_4_5_Debug|Any CPU
		{FBC6DD59-D09D-499C-B03C-99C1C78FF2AC}.net_4_5_Release|Any CPU.ActiveCfg = net_4_5_Release|Any CPU
		{FBC6DD59-D09D-499C-B03C-99C1C78FF2AC}.net_4_5_Release|Any CPU.Build.0 = net_4_5_Release|Any CPU
		{FBC6DD59-D09D-499C-B03C-99C1C78FF2AC}.Release|Any CPU.ActiveCfg = winphone_Release|Any CPU
		{FBC6DD59-D09D-499C-B03C-99C1C78FF2AC}.Release|Any CPU.Build.0 = winphone_Release|Any CPU
		{FBC6DD59-D09D-499C-B03C-99C1C78FF2AC}.silverlight_Debug|Any CPU.ActiveCfg = silverlight_Debug|Any CPU
		{FBC6DD59-D09D-499C-B03C-99C1C78FF2AC}.silverlight_Debug|Any CPU.Build.0 = silverlight_Debug|Any CPU
		{FBC6DD59-D09D-499C-B03C-99C1C78FF2AC}.silverlight_Release|Any CPU.ActiveCfg = silverlight_Release|Any CPU
		{FBC6DD59-D09D-499C-B03C-99C1C78FF2AC}.silverlight_Release|Any CPU.Build.0 = silverlight_Release|Any CPU
		{FBC6DD59-D09D-499C-B03C-99C1C78FF2AC}.winphone_Debug|Any CPU.ActiveCfg = winphone_Debug|Any CPU
		{FBC6DD59-D09D-499C-B03C-99C1C78FF2AC}.winphone_Debug|Any CPU.Build.0 = winphone_Debug|Any CPU
		{FBC6DD59-D09D-499C-B03C-99C1C78FF2AC}.winphone_Release|Any CPU.ActiveCfg = winphone_Release|Any CPU
		{FBC6DD59-D09D-499C-B03C-99C1C78FF2AC}.winphone_Release|Any CPU.Build.0 = winphone_Release|Any CPU
		{8559DD7F-A16F-46D0-A05A-9139FAEBA8FD}.Debug|Any CPU.ActiveCfg = net_4_5_Debug|Any CPU
		{8559DD7F-A16F-46D0-A05A-9139FAEBA8FD}.Debug|Any CPU.Build.0 = net_4_5_Debug|Any CPU
		{8559DD7F-A16F-46D0-A05A-9139FAEBA8FD}.net_2_0_Debug|Any CPU.ActiveCfg = net_2_0_Debug|Any CPU
		{8559DD7F-A16F-46D0-A05A-9139FAEBA8FD}.net_2_0_Debug|Any CPU.Build.0 = net_2_0_Debug|Any CPU
		{8559DD7F-A16F-46D0-A05A-9139FAEBA8FD}.net_2_0_Release|Any CPU.ActiveCfg = net_2_0_Release|Any CPU
		{8559DD7F-A16F-46D0-A05A-9139FAEBA8FD}.net_2_0_Release|Any CPU.Build.0 = net_2_0_Release|Any CPU
		{8559DD7F-A16F-46D0-A05A-9139FAEBA8FD}.net_3_5_Debug|Any CPU.ActiveCfg = net_3_5_Debug|Any CPU
		{8559DD7F-A16F-46D0-A05A-9139FAEBA8FD}.net_3_5_Debug|Any CPU.Build.0 = net_3_5_Debug|Any CPU
		{8559DD7F-A16F-46D0-A05A-9139FAEBA8FD}.net_3_5_Release|Any CPU.ActiveCfg = net_3_5_Release|Any CPU
		{8559DD7F-A16F-46D0-A05A-9139FAEBA8FD}.net_3_5_Release|Any CPU.Build.0 = net_3_5_Release|Any CPU
		{8559DD7F-A16F-46D0-A05A-9139FAEBA8FD}.net_4_0_Debug|Any CPU.ActiveCfg = net_4_0_Debug|Any CPU
		{8559DD7F-A16F-46D0-A05A-9139FAEBA8FD}.net_4_0_Debug|Any CPU.Build.0 = net_4_0_Debug|Any CPU
		{8559DD7F-A16F-46D0-A05A-9139FAEBA8FD}.net_4_0_Release|Any CPU.ActiveCfg = net_4_0_Release|Any CPU
		{8559DD7F-A16F-46D0-A05A-9139FAEBA8FD}.net_4_0_Release|Any CPU.Build.0 = net_4_0_Release|Any CPU
		{8559DD7F-A16F-46D0-A05A-9139FAEBA8FD}.net_4_5_Debug|Any CPU.ActiveCfg = net_4_5_Debug|Any CPU
		{8559DD7F-A16F-46D0-A05A-9139FAEBA8FD}.net_4_5_Debug|Any CPU.Build.0 = net_4_5_Debug|Any CPU
		{8559DD7F-A16F-46D0-A05A-9139FAEBA8FD}.net_4_5_Release|Any CPU.ActiveCfg = net_4_5_Release|Any CPU
		{8559DD7F-A16F-46D0-A05A-9139FAEBA8FD}.net_4_5_Release|Any CPU.Build.0 = net_4_5_Release|Any CPU
		{8559DD7F-A16F-46D0-A05A-9139FAEBA8FD}.Release|Any CPU.ActiveCfg = winphone_Release|Any CPU
		{8559DD7F-A16F-46D0-A05A-9139FAEBA8FD}.Release|Any CPU.Build.0 = winphone_Release|Any CPU
		{8559DD7F-A16F-46D0-A05A-9139FAEBA8FD}.silverlight_Debug|Any CPU.ActiveCfg = silverlight_Debug|Any CPU
		{8559DD7F-A16F-46D0-A05A-9139FAEBA8FD}.silverlight_Debug|Any CPU.Build.0 = silverlight_Debug|Any CPU
		{8559DD7F-A16F-46D0-A05A-9139FAEBA8FD}.silverlight_Release|Any CPU.ActiveCfg = silverlight_Release|Any CPU
		{8559DD7F-A16F-46D0-A05A-9139FAEBA8FD}.silverlight_Release|Any CPU.Build.0 = silverlight_Release|Any CPU
		{8559DD7F-A16F-46D0-A05A-9139FAEBA8FD}.winphone_Debug|Any CPU.ActiveCfg = winphone_Debug|Any CPU
		{8559DD7F-A16F-46D0-A05A-9139FAEBA8FD}.winphone_Debug|Any CPU.Build.0 = winphone_Debug|Any CPU
		{8559DD7F-A16F-46D0-A05A-9139FAEBA8FD}.winphone_Release|Any CPU.ActiveCfg = winphone_Release|Any CPU
		{8559DD7F-A16F-46D0-A05A-9139FAEBA8FD}.winphone_Release|Any CPU.Build.0 = winphone_Release|Any CPU
		{63E6915C-7EA4-4D76-AB28-0D7191EEA626}.Debug|Any CPU.ActiveCfg = net_4_5_Debug|Any CPU
		{63E6915C-7EA4-4D76-AB28-0D7191EEA626}.Debug|Any CPU.Build.0 = net_4_5_Debug|Any CPU
		{63E6915C-7EA4-4D76-AB28-0D7191EEA626}.net_2_0_Debug|Any CPU.ActiveCfg = net_2_0_Debug|Any CPU
		{63E6915C-7EA4-4D76-AB28-0D7191EEA626}.net_2_0_Debug|Any CPU.Build.0 = net_2_0_Debug|Any CPU
		{63E6915C-7EA4-4D76-AB28-0D7191EEA626}.net_2_0_Release|Any CPU.ActiveCfg = net_2_0_Release|Any CPU
		{63E6915C-7EA4-4D76-AB28-0D7191EEA626}.net_2_0_Release|Any CPU.Build.0 = net_2_0_Release|Any CPU
		{63E6915C-7EA4-4D76-AB28-0D7191EEA626}.net_3_5_Debug|Any CPU.ActiveCfg = net_3_5_Debug|Any CPU
		{63E6915C-7EA4-4D76-AB28-0D7191EEA626}.net_3_5_Debug|Any CPU.Build.0 = net_3_5_Debug|Any CPU
		{63E6915C-7EA4-4D76-AB28-0D7191EEA626}.net_3_5_Release|Any CPU.ActiveCfg = net_3_5_Release|Any CPU
		{63E6915C-7EA4-4D76-AB28-0D7191EEA626}.net_3_5_Release|Any CPU.Build.0 = net_3_5_Release|Any CPU
		{63E6915C-7EA4-4D76-AB28-0D7191EEA626}.net_4_0_Debug|Any CPU.ActiveCfg = net_4_0_Debug|Any CPU
		{63E6915C-7EA4-4D76-AB28-0D7191EEA626}.net_4_0_Debug|Any CPU.Build.0 = net_4_0_Debug|Any CPU
		{63E6915C-7EA4-4D76-AB28-0D7191EEA626}.net_4_0_Release|Any CPU.ActiveCfg = net_4_0_Release|Any CPU
		{63E6915C-7EA4-4D76-AB28-0D7191EEA626}.net_4_0_Release|Any CPU.Build.0 = net_4_0_Release|Any CPU
		{63E6915C-7EA4-4D76-AB28-0D7191EEA626}.net_4_5_Debug|Any CPU.ActiveCfg = net_4_5_Debug|Any CPU
		{63E6915C-7EA4-4D76-AB28-0D7191EEA626}.net_4_5_Debug|Any CPU.Build.0 = net_4_5_Debug|Any CPU
		{63E6915C-7EA4-4D76-AB28-0D7191EEA626}.net_4_5_Release|Any CPU.ActiveCfg = net_4_5_Release|Any CPU
		{63E6915C-7EA4-4D76-AB28-0D7191EEA626}.net_4_5_Release|Any CPU.Build.0 = net_4_5_Release|Any CPU
		{63E6915C-7EA4-4D76-AB28-0D7191EEA626}.Release|Any CPU.ActiveCfg = winphone_Release|Any CPU
		{63E6915C-7EA4-4D76-AB28-0D7191EEA626}.Release|Any CPU.Build.0 = winphone_Release|Any CPU
		{63E6915C-7EA4-4D76-AB28-0D7191EEA626}.silverlight_Debug|Any CPU.ActiveCfg = silverlight_Debug|Any CPU
		{63E6915C-7EA4-4D76-AB28-0D7191EEA626}.silverlight_Debug|Any CPU.Build.0 = silverlight_Debug|Any CPU
		{63E6915C-7EA4-4D76-AB28-0D7191EEA626}.silverlight_Release|Any CPU.ActiveCfg = silverlight_Release|Any CPU
		{63E6915C-7EA4-4D76-AB28-0D7191EEA626}.silverlight_Release|Any CPU.Build.0 = silverlight_Release|Any CPU
		{63E6915C-7EA4-4D76-AB28-0D7191EEA626}.winphone_Debug|Any CPU.ActiveCfg = winphone_Debug|Any CPU
		{63E6915C-7EA4-4D76-AB28-0D7191EEA626}.winphone_Debug|Any CPU.Build.0 = winphone_Debug|Any CPU
		{63E6915C-7EA4-4D76-AB28-0D7191EEA626}.winphone_Release|Any CPU.ActiveCfg = winphone_Release|Any CPU
		{63E6915C-7EA4-4D76-AB28-0D7191EEA626}.winphone_Release|Any CPU.Build.0 = winphone_Release|Any CPU
		{82230992-F90F-4FD8-9DF0-92A3196FF467}.Debug|Any CPU.ActiveCfg = Debug|Any CPU
		{82230992-F90F-4FD8-9DF0-92A3196FF467}.Debug|Any CPU.Build.0 = Debug|Any CPU
		{82230992-F90F-4FD8-9DF0-92A3196FF467}.net_2_0_Debug|Any CPU.ActiveCfg = Debug|Any CPU
		{82230992-F90F-4FD8-9DF0-92A3196FF467}.net_2_0_Debug|Any CPU.Build.0 = Debug|Any CPU
		{82230992-F90F-4FD8-9DF0-92A3196FF467}.net_2_0_Release|Any CPU.ActiveCfg = Release|Any CPU
		{82230992-F90F-4FD8-9DF0-92A3196FF467}.net_2_0_Release|Any CPU.Build.0 = Release|Any CPU
		{82230992-F90F-4FD8-9DF0-92A3196FF467}.net_3_5_Debug|Any CPU.ActiveCfg = Debug|Any CPU
		{82230992-F90F-4FD8-9DF0-92A3196FF467}.net_3_5_Debug|Any CPU.Build.0 = Debug|Any CPU
		{82230992-F90F-4FD8-9DF0-92A3196FF467}.net_3_5_Release|Any CPU.ActiveCfg = Release|Any CPU
		{82230992-F90F-4FD8-9DF0-92A3196FF467}.net_3_5_Release|Any CPU.Build.0 = Release|Any CPU
		{82230992-F90F-4FD8-9DF0-92A3196FF467}.net_4_0_Debug|Any CPU.ActiveCfg = Debug|Any CPU
		{82230992-F90F-4FD8-9DF0-92A3196FF467}.net_4_0_Debug|Any CPU.Build.0 = Debug|Any CPU
		{82230992-F90F-4FD8-9DF0-92A3196FF467}.net_4_0_Release|Any CPU.ActiveCfg = Release|Any CPU
		{82230992-F90F-4FD8-9DF0-92A3196FF467}.net_4_0_Release|Any CPU.Build.0 = Release|Any CPU
		{82230992-F90F-4FD8-9DF0-92A3196FF467}.net_4_5_Debug|Any CPU.ActiveCfg = Debug|Any CPU
		{82230992-F90F-4FD8-9DF0-92A3196FF467}.net_4_5_Debug|Any CPU.Build.0 = Debug|Any CPU
		{82230992-F90F-4FD8-9DF0-92A3196FF467}.net_4_5_Release|Any CPU.ActiveCfg = Release|Any CPU
		{82230992-F90F-4FD8-9DF0-92A3196FF467}.net_4_5_Release|Any CPU.Build.0 = Release|Any CPU
		{82230992-F90F-4FD8-9DF0-92A3196FF467}.Release|Any CPU.ActiveCfg = Release|Any CPU
		{82230992-F90F-4FD8-9DF0-92A3196FF467}.Release|Any CPU.Build.0 = Release|Any CPU
		{82230992-F90F-4FD8-9DF0-92A3196FF467}.silverlight_Debug|Any CPU.ActiveCfg = Debug|Any CPU
		{82230992-F90F-4FD8-9DF0-92A3196FF467}.silverlight_Debug|Any CPU.Build.0 = Debug|Any CPU
		{82230992-F90F-4FD8-9DF0-92A3196FF467}.silverlight_Release|Any CPU.ActiveCfg = Release|Any CPU
		{82230992-F90F-4FD8-9DF0-92A3196FF467}.silverlight_Release|Any CPU.Build.0 = Release|Any CPU
		{82230992-F90F-4FD8-9DF0-92A3196FF467}.winphone_Debug|Any CPU.ActiveCfg = Debug|Any CPU
		{82230992-F90F-4FD8-9DF0-92A3196FF467}.winphone_Debug|Any CPU.Build.0 = Debug|Any CPU
		{82230992-F90F-4FD8-9DF0-92A3196FF467}.winphone_Release|Any CPU.ActiveCfg = Release|Any CPU
		{82230992-F90F-4FD8-9DF0-92A3196FF467}.winphone_Release|Any CPU.Build.0 = Release|Any CPU
		{EBBDD33C-CDBA-4585-9461-BCE4561FDAC4}.Debug|Any CPU.ActiveCfg = Debug|Any CPU
		{EBBDD33C-CDBA-4585-9461-BCE4561FDAC4}.Debug|Any CPU.Build.0 = Debug|Any CPU
		{EBBDD33C-CDBA-4585-9461-BCE4561FDAC4}.net_2_0_Debug|Any CPU.ActiveCfg = Debug|Any CPU
		{EBBDD33C-CDBA-4585-9461-BCE4561FDAC4}.net_2_0_Debug|Any CPU.Build.0 = Debug|Any CPU
		{EBBDD33C-CDBA-4585-9461-BCE4561FDAC4}.net_2_0_Release|Any CPU.ActiveCfg = Release|Any CPU
		{EBBDD33C-CDBA-4585-9461-BCE4561FDAC4}.net_2_0_Release|Any CPU.Build.0 = Release|Any CPU
		{EBBDD33C-CDBA-4585-9461-BCE4561FDAC4}.net_3_5_Debug|Any CPU.ActiveCfg = Debug|Any CPU
		{EBBDD33C-CDBA-4585-9461-BCE4561FDAC4}.net_3_5_Debug|Any CPU.Build.0 = Debug|Any CPU
		{EBBDD33C-CDBA-4585-9461-BCE4561FDAC4}.net_3_5_Release|Any CPU.ActiveCfg = Release|Any CPU
		{EBBDD33C-CDBA-4585-9461-BCE4561FDAC4}.net_3_5_Release|Any CPU.Build.0 = Release|Any CPU
		{EBBDD33C-CDBA-4585-9461-BCE4561FDAC4}.net_4_0_Debug|Any CPU.ActiveCfg = Debug|Any CPU
		{EBBDD33C-CDBA-4585-9461-BCE4561FDAC4}.net_4_0_Debug|Any CPU.Build.0 = Debug|Any CPU
		{EBBDD33C-CDBA-4585-9461-BCE4561FDAC4}.net_4_0_Release|Any CPU.ActiveCfg = Release|Any CPU
		{EBBDD33C-CDBA-4585-9461-BCE4561FDAC4}.net_4_0_Release|Any CPU.Build.0 = Release|Any CPU
		{EBBDD33C-CDBA-4585-9461-BCE4561FDAC4}.net_4_5_Debug|Any CPU.ActiveCfg = Debug|Any CPU
		{EBBDD33C-CDBA-4585-9461-BCE4561FDAC4}.net_4_5_Debug|Any CPU.Build.0 = Debug|Any CPU
		{EBBDD33C-CDBA-4585-9461-BCE4561FDAC4}.net_4_5_Release|Any CPU.ActiveCfg = Release|Any CPU
		{EBBDD33C-CDBA-4585-9461-BCE4561FDAC4}.net_4_5_Release|Any CPU.Build.0 = Release|Any CPU
		{EBBDD33C-CDBA-4585-9461-BCE4561FDAC4}.Release|Any CPU.ActiveCfg = Release|Any CPU
		{EBBDD33C-CDBA-4585-9461-BCE4561FDAC4}.Release|Any CPU.Build.0 = Release|Any CPU
		{EBBDD33C-CDBA-4585-9461-BCE4561FDAC4}.silverlight_Debug|Any CPU.ActiveCfg = Debug|Any CPU
		{EBBDD33C-CDBA-4585-9461-BCE4561FDAC4}.silverlight_Debug|Any CPU.Build.0 = Debug|Any CPU
		{EBBDD33C-CDBA-4585-9461-BCE4561FDAC4}.silverlight_Release|Any CPU.ActiveCfg = Release|Any CPU
		{EBBDD33C-CDBA-4585-9461-BCE4561FDAC4}.silverlight_Release|Any CPU.Build.0 = Release|Any CPU
		{EBBDD33C-CDBA-4585-9461-BCE4561FDAC4}.winphone_Debug|Any CPU.ActiveCfg = Debug|Any CPU
		{EBBDD33C-CDBA-4585-9461-BCE4561FDAC4}.winphone_Debug|Any CPU.Build.0 = Debug|Any CPU
		{EBBDD33C-CDBA-4585-9461-BCE4561FDAC4}.winphone_Release|Any CPU.ActiveCfg = Release|Any CPU
		{EBBDD33C-CDBA-4585-9461-BCE4561FDAC4}.winphone_Release|Any CPU.Build.0 = Release|Any CPU
		{7C943D35-1F7C-4274-BC80-69605EE78C3D}.Debug|Any CPU.ActiveCfg = Debug|Any CPU
		{7C943D35-1F7C-4274-BC80-69605EE78C3D}.Debug|Any CPU.Build.0 = Debug|Any CPU
		{7C943D35-1F7C-4274-BC80-69605EE78C3D}.net_2_0_Debug|Any CPU.ActiveCfg = Debug|Any CPU
		{7C943D35-1F7C-4274-BC80-69605EE78C3D}.net_2_0_Debug|Any CPU.Build.0 = Debug|Any CPU
		{7C943D35-1F7C-4274-BC80-69605EE78C3D}.net_2_0_Release|Any CPU.ActiveCfg = Release|Any CPU
		{7C943D35-1F7C-4274-BC80-69605EE78C3D}.net_2_0_Release|Any CPU.Build.0 = Release|Any CPU
		{7C943D35-1F7C-4274-BC80-69605EE78C3D}.net_3_5_Debug|Any CPU.ActiveCfg = Debug|Any CPU
		{7C943D35-1F7C-4274-BC80-69605EE78C3D}.net_3_5_Debug|Any CPU.Build.0 = Debug|Any CPU
		{7C943D35-1F7C-4274-BC80-69605EE78C3D}.net_3_5_Release|Any CPU.ActiveCfg = Release|Any CPU
		{7C943D35-1F7C-4274-BC80-69605EE78C3D}.net_3_5_Release|Any CPU.Build.0 = Release|Any CPU
		{7C943D35-1F7C-4274-BC80-69605EE78C3D}.net_4_0_Debug|Any CPU.ActiveCfg = Debug|Any CPU
		{7C943D35-1F7C-4274-BC80-69605EE78C3D}.net_4_0_Debug|Any CPU.Build.0 = Debug|Any CPU
		{7C943D35-1F7C-4274-BC80-69605EE78C3D}.net_4_0_Release|Any CPU.ActiveCfg = Release|Any CPU
		{7C943D35-1F7C-4274-BC80-69605EE78C3D}.net_4_0_Release|Any CPU.Build.0 = Release|Any CPU
		{7C943D35-1F7C-4274-BC80-69605EE78C3D}.net_4_5_Debug|Any CPU.ActiveCfg = Debug|Any CPU
		{7C943D35-1F7C-4274-BC80-69605EE78C3D}.net_4_5_Debug|Any CPU.Build.0 = Debug|Any CPU
		{7C943D35-1F7C-4274-BC80-69605EE78C3D}.net_4_5_Release|Any CPU.ActiveCfg = Release|Any CPU
		{7C943D35-1F7C-4274-BC80-69605EE78C3D}.net_4_5_Release|Any CPU.Build.0 = Release|Any CPU
		{7C943D35-1F7C-4274-BC80-69605EE78C3D}.Release|Any CPU.ActiveCfg = Release|Any CPU
		{7C943D35-1F7C-4274-BC80-69605EE78C3D}.Release|Any CPU.Build.0 = Release|Any CPU
		{7C943D35-1F7C-4274-BC80-69605EE78C3D}.silverlight_Debug|Any CPU.ActiveCfg = Debug|Any CPU
		{7C943D35-1F7C-4274-BC80-69605EE78C3D}.silverlight_Debug|Any CPU.Build.0 = Debug|Any CPU
		{7C943D35-1F7C-4274-BC80-69605EE78C3D}.silverlight_Release|Any CPU.ActiveCfg = Release|Any CPU
		{7C943D35-1F7C-4274-BC80-69605EE78C3D}.silverlight_Release|Any CPU.Build.0 = Release|Any CPU
		{7C943D35-1F7C-4274-BC80-69605EE78C3D}.winphone_Debug|Any CPU.ActiveCfg = Debug|Any CPU
		{7C943D35-1F7C-4274-BC80-69605EE78C3D}.winphone_Debug|Any CPU.Build.0 = Debug|Any CPU
		{7C943D35-1F7C-4274-BC80-69605EE78C3D}.winphone_Release|Any CPU.ActiveCfg = Release|Any CPU
		{7C943D35-1F7C-4274-BC80-69605EE78C3D}.winphone_Release|Any CPU.Build.0 = Release|Any CPU
		{E607F595-1AC0-4B1F-9425-0104BE8AF0D3}.Debug|Any CPU.ActiveCfg = Debug|Any CPU
		{E607F595-1AC0-4B1F-9425-0104BE8AF0D3}.Debug|Any CPU.Build.0 = Debug|Any CPU
		{E607F595-1AC0-4B1F-9425-0104BE8AF0D3}.net_2_0_Debug|Any CPU.ActiveCfg = Debug|Any CPU
		{E607F595-1AC0-4B1F-9425-0104BE8AF0D3}.net_2_0_Debug|Any CPU.Build.0 = Debug|Any CPU
		{E607F595-1AC0-4B1F-9425-0104BE8AF0D3}.net_2_0_Release|Any CPU.ActiveCfg = Release|Any CPU
		{E607F595-1AC0-4B1F-9425-0104BE8AF0D3}.net_2_0_Release|Any CPU.Build.0 = Release|Any CPU
		{E607F595-1AC0-4B1F-9425-0104BE8AF0D3}.net_3_5_Debug|Any CPU.ActiveCfg = Debug|Any CPU
		{E607F595-1AC0-4B1F-9425-0104BE8AF0D3}.net_3_5_Debug|Any CPU.Build.0 = Debug|Any CPU
		{E607F595-1AC0-4B1F-9425-0104BE8AF0D3}.net_3_5_Release|Any CPU.ActiveCfg = Release|Any CPU
		{E607F595-1AC0-4B1F-9425-0104BE8AF0D3}.net_3_5_Release|Any CPU.Build.0 = Release|Any CPU
		{E607F595-1AC0-4B1F-9425-0104BE8AF0D3}.net_4_0_Debug|Any CPU.ActiveCfg = Debug|Any CPU
		{E607F595-1AC0-4B1F-9425-0104BE8AF0D3}.net_4_0_Debug|Any CPU.Build.0 = Debug|Any CPU
		{E607F595-1AC0-4B1F-9425-0104BE8AF0D3}.net_4_0_Release|Any CPU.ActiveCfg = Release|Any CPU
		{E607F595-1AC0-4B1F-9425-0104BE8AF0D3}.net_4_0_Release|Any CPU.Build.0 = Release|Any CPU
		{E607F595-1AC0-4B1F-9425-0104BE8AF0D3}.net_4_5_Debug|Any CPU.ActiveCfg = Debug|Any CPU
		{E607F595-1AC0-4B1F-9425-0104BE8AF0D3}.net_4_5_Debug|Any CPU.Build.0 = Debug|Any CPU
		{E607F595-1AC0-4B1F-9425-0104BE8AF0D3}.net_4_5_Release|Any CPU.ActiveCfg = Release|Any CPU
		{E607F595-1AC0-4B1F-9425-0104BE8AF0D3}.net_4_5_Release|Any CPU.Build.0 = Release|Any CPU
		{E607F595-1AC0-4B1F-9425-0104BE8AF0D3}.Release|Any CPU.ActiveCfg = Release|Any CPU
		{E607F595-1AC0-4B1F-9425-0104BE8AF0D3}.Release|Any CPU.Build.0 = Release|Any CPU
		{E607F595-1AC0-4B1F-9425-0104BE8AF0D3}.silverlight_Debug|Any CPU.ActiveCfg = Debug|Any CPU
		{E607F595-1AC0-4B1F-9425-0104BE8AF0D3}.silverlight_Debug|Any CPU.Build.0 = Debug|Any CPU
		{E607F595-1AC0-4B1F-9425-0104BE8AF0D3}.silverlight_Release|Any CPU.ActiveCfg = Release|Any CPU
		{E607F595-1AC0-4B1F-9425-0104BE8AF0D3}.silverlight_Release|Any CPU.Build.0 = Release|Any CPU
		{E607F595-1AC0-4B1F-9425-0104BE8AF0D3}.winphone_Debug|Any CPU.ActiveCfg = Debug|Any CPU
		{E607F595-1AC0-4B1F-9425-0104BE8AF0D3}.winphone_Debug|Any CPU.Build.0 = Debug|Any CPU
		{E607F595-1AC0-4B1F-9425-0104BE8AF0D3}.winphone_Release|Any CPU.ActiveCfg = Release|Any CPU
		{E607F595-1AC0-4B1F-9425-0104BE8AF0D3}.winphone_Release|Any CPU.Build.0 = Release|Any CPU
		{5BCF9A30-34A1-4309-BCBC-50C8534D5E84}.Debug|Any CPU.ActiveCfg = Debug|Any CPU
		{5BCF9A30-34A1-4309-BCBC-50C8534D5E84}.Debug|Any CPU.Build.0 = Debug|Any CPU
		{5BCF9A30-34A1-4309-BCBC-50C8534D5E84}.net_2_0_Debug|Any CPU.ActiveCfg = Debug|Any CPU
		{5BCF9A30-34A1-4309-BCBC-50C8534D5E84}.net_2_0_Debug|Any CPU.Build.0 = Debug|Any CPU
		{5BCF9A30-34A1-4309-BCBC-50C8534D5E84}.net_2_0_Release|Any CPU.ActiveCfg = Release|Any CPU
		{5BCF9A30-34A1-4309-BCBC-50C8534D5E84}.net_2_0_Release|Any CPU.Build.0 = Release|Any CPU
		{5BCF9A30-34A1-4309-BCBC-50C8534D5E84}.net_3_5_Debug|Any CPU.ActiveCfg = Debug|Any CPU
		{5BCF9A30-34A1-4309-BCBC-50C8534D5E84}.net_3_5_Debug|Any CPU.Build.0 = Debug|Any CPU
		{5BCF9A30-34A1-4309-BCBC-50C8534D5E84}.net_3_5_Release|Any CPU.ActiveCfg = Release|Any CPU
		{5BCF9A30-34A1-4309-BCBC-50C8534D5E84}.net_3_5_Release|Any CPU.Build.0 = Release|Any CPU
		{5BCF9A30-34A1-4309-BCBC-50C8534D5E84}.net_4_0_Debug|Any CPU.ActiveCfg = Debug|Any CPU
		{5BCF9A30-34A1-4309-BCBC-50C8534D5E84}.net_4_0_Debug|Any CPU.Build.0 = Debug|Any CPU
		{5BCF9A30-34A1-4309-BCBC-50C8534D5E84}.net_4_0_Release|Any CPU.ActiveCfg = Release|Any CPU
		{5BCF9A30-34A1-4309-BCBC-50C8534D5E84}.net_4_0_Release|Any CPU.Build.0 = Release|Any CPU
		{5BCF9A30-34A1-4309-BCBC-50C8534D5E84}.net_4_5_Debug|Any CPU.ActiveCfg = Debug|Any CPU
		{5BCF9A30-34A1-4309-BCBC-50C8534D5E84}.net_4_5_Debug|Any CPU.Build.0 = Debug|Any CPU
		{5BCF9A30-34A1-4309-BCBC-50C8534D5E84}.net_4_5_Release|Any CPU.ActiveCfg = Release|Any CPU
		{5BCF9A30-34A1-4309-BCBC-50C8534D5E84}.net_4_5_Release|Any CPU.Build.0 = Release|Any CPU
		{5BCF9A30-34A1-4309-BCBC-50C8534D5E84}.Release|Any CPU.ActiveCfg = Release|Any CPU
		{5BCF9A30-34A1-4309-BCBC-50C8534D5E84}.Release|Any CPU.Build.0 = Release|Any CPU
		{5BCF9A30-34A1-4309-BCBC-50C8534D5E84}.silverlight_Debug|Any CPU.ActiveCfg = Debug|Any CPU
		{5BCF9A30-34A1-4309-BCBC-50C8534D5E84}.silverlight_Debug|Any CPU.Build.0 = Debug|Any CPU
		{5BCF9A30-34A1-4309-BCBC-50C8534D5E84}.silverlight_Release|Any CPU.ActiveCfg = Release|Any CPU
		{5BCF9A30-34A1-4309-BCBC-50C8534D5E84}.silverlight_Release|Any CPU.Build.0 = Release|Any CPU
		{5BCF9A30-34A1-4309-BCBC-50C8534D5E84}.winphone_Debug|Any CPU.ActiveCfg = Debug|Any CPU
		{5BCF9A30-34A1-4309-BCBC-50C8534D5E84}.winphone_Debug|Any CPU.Build.0 = Debug|Any CPU
		{5BCF9A30-34A1-4309-BCBC-50C8534D5E84}.winphone_Release|Any CPU.ActiveCfg = Release|Any CPU
		{5BCF9A30-34A1-4309-BCBC-50C8534D5E84}.winphone_Release|Any CPU.Build.0 = Release|Any CPU
	EndGlobalSection
	GlobalSection(SolutionProperties) = preSolution
		HideSolutionNode = FALSE
	EndGlobalSection
	GlobalSection(NestedProjects) = preSolution
		{D68133BD-1E63-496E-9EDE-4FBDBF77B486} = {5F431975-6FD2-4B10-9109-5F3AFA5C332D}
		{FBC6DD59-D09D-499C-B03C-99C1C78FF2AC} = {5F431975-6FD2-4B10-9109-5F3AFA5C332D}
		{8559DD7F-A16F-46D0-A05A-9139FAEBA8FD} = {5F431975-6FD2-4B10-9109-5F3AFA5C332D}
		{63E6915C-7EA4-4D76-AB28-0D7191EEA626} = {5F431975-6FD2-4B10-9109-5F3AFA5C332D}
		{2FDC4E9D-A8AD-471D-B278-BEEE5665187C} = {7F9A3E99-0787-4E1D-BA55-8AF8B3763BAE}
		{D5DD216D-9745-49E6-BFBB-2AAA15A964A9} = {7F9A3E99-0787-4E1D-BA55-8AF8B3763BAE}
		{82230992-F90F-4FD8-9DF0-92A3196FF467} = {2FDC4E9D-A8AD-471D-B278-BEEE5665187C}
		{EBBDD33C-CDBA-4585-9461-BCE4561FDAC4} = {2FDC4E9D-A8AD-471D-B278-BEEE5665187C}
		{7C943D35-1F7C-4274-BC80-69605EE78C3D} = {D5DD216D-9745-49E6-BFBB-2AAA15A964A9}
		{E607F595-1AC0-4B1F-9425-0104BE8AF0D3} = {D5DD216D-9745-49E6-BFBB-2AAA15A964A9}
	EndGlobalSection
EndGlobal
